// !$*UTF8*$!
{
	archiveVersion = 1;
	classes = {
	};
	objectVersion = 50;
	objects = {

/* Begin PBXBuildFile section */
		974E22DA27308D8000A437E7 /* AddTimerViewController.swift in Sources */ = {isa = PBXBuildFile; fileRef = 974E22D927308D8000A437E7 /* AddTimerViewController.swift */; };
		974E22DC27308E3700A437E7 /* CountDownViewController.swift in Sources */ = {isa = PBXBuildFile; fileRef = 974E22DB27308E3700A437E7 /* CountDownViewController.swift */; };
		974E22DE2730907600A437E7 /* Timer.swift in Sources */ = {isa = PBXBuildFile; fileRef = 974E22DD2730907600A437E7 /* Timer.swift */; };
		97CEB640272E487300EEE16C /* AppDelegate.swift in Sources */ = {isa = PBXBuildFile; fileRef = 97CEB63F272E487300EEE16C /* AppDelegate.swift */; };
		97CEB642272E487300EEE16C /* SceneDelegate.swift in Sources */ = {isa = PBXBuildFile; fileRef = 97CEB641272E487300EEE16C /* SceneDelegate.swift */; };
		97CEB644272E487300EEE16C /* ViewController.swift in Sources */ = {isa = PBXBuildFile; fileRef = 97CEB643272E487300EEE16C /* ViewController.swift */; };
		97CEB647272E487300EEE16C /* Main.storyboard in Resources */ = {isa = PBXBuildFile; fileRef = 97CEB645272E487300EEE16C /* Main.storyboard */; };
		97CEB64A272E487300EEE16C /* LiangAmelia_HW7.xcdatamodeld in Sources */ = {isa = PBXBuildFile; fileRef = 97CEB648272E487300EEE16C /* LiangAmelia_HW7.xcdatamodeld */; };
		97CEB64C272E487500EEE16C /* Assets.xcassets in Resources */ = {isa = PBXBuildFile; fileRef = 97CEB64B272E487500EEE16C /* Assets.xcassets */; };
		97CEB64F272E487500EEE16C /* LaunchScreen.storyboard in Resources */ = {isa = PBXBuildFile; fileRef = 97CEB64D272E487500EEE16C /* LaunchScreen.storyboard */; };
/* End PBXBuildFile section */

/* Begin PBXFileReference section */
		974E22D927308D8000A437E7 /* AddTimerViewController.swift */ = {isa = PBXFileReference; lastKnownFileType = sourcecode.swift; path = AddTimerViewController.swift; sourceTree = "<group>"; };
		974E22DB27308E3700A437E7 /* CountDownViewController.swift */ = {isa = PBXFileReference; lastKnownFileType = sourcecode.swift; path = CountDownViewController.swift; sourceTree = "<group>"; };
		974E22DD2730907600A437E7 /* Timer.swift */ = {isa = PBXFileReference; lastKnownFileType = sourcecode.swift; path = Timer.swift; sourceTree = "<group>"; };
		97CEB63C272E487300EEE16C /* LiangAmelia-HW7.app */ = {isa = PBXFileReference; explicitFileType = wrapper.application; includeInIndex = 0; path = "LiangAmelia-HW7.app"; sourceTree = BUILT_PRODUCTS_DIR; };
		97CEB63F272E487300EEE16C /* AppDelegate.swift */ = {isa = PBXFileReference; lastKnownFileType = sourcecode.swift; path = AppDelegate.swift; sourceTree = "<group>"; };
		97CEB641272E487300EEE16C /* SceneDelegate.swift */ = {isa = PBXFileReference; lastKnownFileType = sourcecode.swift; path = SceneDelegate.swift; sourceTree = "<group>"; };
		97CEB643272E487300EEE16C /* ViewController.swift */ = {isa = PBXFileReference; lastKnownFileType = sourcecode.swift; path = ViewController.swift; sourceTree = "<group>"; };
		97CEB646272E487300EEE16C /* Base */ = {isa = PBXFileReference; lastKnownFileType = file.storyboard; name = Base; path = Base.lproj/Main.storyboard; sourceTree = "<group>"; };
		97CEB649272E487300EEE16C /* LiangAmelia_HW7.xcdatamodel */ = {isa = PBXFileReference; lastKnownFileType = wrapper.xcdatamodel; path = LiangAmelia_HW7.xcdatamodel; sourceTree = "<group>"; };
		97CEB64B272E487500EEE16C /* Assets.xcassets */ = {isa = PBXFileReference; lastKnownFileType = folder.assetcatalog; path = Assets.xcassets; sourceTree = "<group>"; };
		97CEB64E272E487500EEE16C /* Base */ = {isa = PBXFileReference; lastKnownFileType = file.storyboard; name = Base; path = Base.lproj/LaunchScreen.storyboard; sourceTree = "<group>"; };
		97CEB650272E487500EEE16C /* Info.plist */ = {isa = PBXFileReference; lastKnownFileType = text.plist.xml; path = Info.plist; sourceTree = "<group>"; };
/* End PBXFileReference section */

/* Begin PBXFrameworksBuildPhase section */
		97CEB639272E487300EEE16C /* Frameworks */ = {
			isa = PBXFrameworksBuildPhase;
			buildActionMask = 2147483647;
			files = (
			);
			runOnlyForDeploymentPostprocessing = 0;
		};
/* End PBXFrameworksBuildPhase section */

/* Begin PBXGroup section */
		97CEB633272E487300EEE16C = {
			isa = PBXGroup;
			children = (
				97CEB63E272E487300EEE16C /* LiangAmelia-HW7 */,
				97CEB63D272E487300EEE16C /* Products */,
			);
			sourceTree = "<group>";
		};
		97CEB63D272E487300EEE16C /* Products */ = {
			isa = PBXGroup;
			children = (
				97CEB63C272E487300EEE16C /* LiangAmelia-HW7.app */,
			);
			name = Products;
			sourceTree = "<group>";
		};
		97CEB63E272E487300EEE16C /* LiangAmelia-HW7 */ = {
			isa = PBXGroup;
			children = (
				97CEB63F272E487300EEE16C /* AppDelegate.swift */,
				97CEB641272E487300EEE16C /* SceneDelegate.swift */,
				97CEB643272E487300EEE16C /* ViewController.swift */,
				974E22DD2730907600A437E7 /* Timer.swift */,
				97CEB645272E487300EEE16C /* Main.storyboard */,
				974E22DB27308E3700A437E7 /* CountDownViewController.swift */,
				974E22D927308D8000A437E7 /* AddTimerViewController.swift */,
				97CEB64B272E487500EEE16C /* Assets.xcassets */,
				97CEB64D272E487500EEE16C /* LaunchScreen.storyboard */,
				97CEB650272E487500EEE16C /* Info.plist */,
				97CEB648272E487300EEE16C /* LiangAmelia_HW7.xcdatamodeld */,
			);
			path = "LiangAmelia-HW7";
			sourceTree = "<group>";
		};
/* End PBXGroup section */

/* Begin PBXNativeTarget section */
		97CEB63B272E487300EEE16C /* LiangAmelia-HW7 */ = {
			isa = PBXNativeTarget;
			buildConfigurationList = 97CEB653272E487500EEE16C /* Build configuration list for PBXNativeTarget "LiangAmelia-HW7" */;
			buildPhases = (
				97CEB638272E487300EEE16C /* Sources */,
				97CEB639272E487300EEE16C /* Frameworks */,
				97CEB63A272E487300EEE16C /* Resources */,
			);
			buildRules = (
			);
			dependencies = (
			);
			name = "LiangAmelia-HW7";
			productName = "LiangAmelia-HW7";
			productReference = 97CEB63C272E487300EEE16C /* LiangAmelia-HW7.app */;
			productType = "com.apple.product-type.application";
		};
/* End PBXNativeTarget section */

/* Begin PBXProject section */
		97CEB634272E487300EEE16C /* Project object */ = {
			isa = PBXProject;
			attributes = {
				LastSwiftUpdateCheck = 1250;
				LastUpgradeCheck = 1250;
				TargetAttributes = {
					97CEB63B272E487300EEE16C = {
						CreatedOnToolsVersion = 12.5.1;
					};
				};
			};
			buildConfigurationList = 97CEB637272E487300EEE16C /* Build configuration list for PBXProject "LiangAmelia-HW7" */;
			compatibilityVersion = "Xcode 9.3";
			developmentRegion = en;
			hasScannedForEncodings = 0;
			knownRegions = (
				en,
				Base,
			);
			mainGroup = 97CEB633272E487300EEE16C;
			productRefGroup = 97CEB63D272E487300EEE16C /* Products */;
			projectDirPath = "";
			projectRoot = "";
			targets = (
				97CEB63B272E487300EEE16C /* LiangAmelia-HW7 */,
			);
		};
/* End PBXProject section */

/* Begin PBXResourcesBuildPhase section */
		97CEB63A272E487300EEE16C /* Resources */ = {
			isa = PBXResourcesBuildPhase;
			buildActionMask = 2147483647;
			files = (
				97CEB64F272E487500EEE16C /* LaunchScreen.storyboard in Resources */,
				97CEB64C272E487500EEE16C /* Assets.xcassets in Resources */,
				97CEB647272E487300EEE16C /* Main.storyboard in Resources */,
			);
			runOnlyForDeploymentPostprocessing = 0;
		};
/* End PBXResourcesBuildPhase section */

/* Begin PBXSourcesBuildPhase section */
		97CEB638272E487300EEE16C /* Sources */ = {
			isa = PBXSourcesBuildPhase;
			buildActionMask = 2147483647;
			files = (
				974E22DC27308E3700A437E7 /* CountDownViewController.swift in Sources */,
				97CEB644272E487300EEE16C /* ViewController.swift in Sources */,
				974E22DE2730907600A437E7 /* Timer.swift in Sources */,
				974E22DA27308D8000A437E7 /* AddTimerViewController.swift in Sources */,
				97CEB64A272E487300EEE16C /* LiangAmelia_HW7.xcdatamodeld in Sources */,
				97CEB640272E487300EEE16C /* AppDelegate.swift in Sources */,
				97CEB642272E487300EEE16C /* SceneDelegate.swift in Sources */,
			);
			runOnlyForDeploymentPostprocessing = 0;
		};
/* End PBXSourcesBuildPhase section */

/* Begin PBXVariantGroup section */
		97CEB645272E487300EEE16C /* Main.storyboard */ = {
			isa = PBXVariantGroup;
			children = (
				97CEB646272E487300EEE16C /* Base */,
			);
			name = Main.storyboard;
			sourceTree = "<group>";
		};
		97CEB64D272E487500EEE16C /* LaunchScreen.storyboard */ = {
			isa = PBXVariantGroup;
			children = (
				97CEB64E272E487500EEE16C /* Base */,
			);
			name = LaunchScreen.storyboard;
			sourceTree = "<group>";
		};
/* End PBXVariantGroup section */

/* Begin XCBuildConfiguration section */
		97CEB651272E487500EEE16C /* Debug */ = {
			isa = XCBuildConfiguration;
			buildSettings = {
				ALWAYS_SEARCH_USER_PATHS = NO;
				CLANG_ANALYZER_NONNULL = YES;
				CLANG_ANALYZER_NUMBER_OBJECT_CONVERSION = YES_AGGRESSIVE;
				CLANG_CXX_LANGUAGE_STANDARD = "gnu++14";
				CLANG_CXX_LIBRARY = "libc++";
				CLANG_ENABLE_MODULES = YES;
				CLANG_ENABLE_OBJC_ARC = YES;
				CLANG_ENABLE_OBJC_WEAK = YES;
				CLANG_WARN_BLOCK_CAPTURE_AUTORELEASING = YES;
				CLANG_WARN_BOOL_CONVERSION = YES;
				CLANG_WARN_COMMA = YES;
				CLANG_WARN_CONSTANT_CONVERSION = YES;
				CLANG_WARN_DEPRECATED_OBJC_IMPLEMENTATIONS = YES;
				CLANG_WARN_DIRECT_OBJC_ISA_USAGE = YES_ERROR;
				CLANG_WARN_DOCUMENTATION_COMMENTS = YES;
				CLANG_WARN_EMPTY_BODY = YES;
				CLANG_WARN_ENUM_CONVERSION = YES;
				CLANG_WARN_INFINITE_RECURSION = YES;
				CLANG_WARN_INT_CONVERSION = YES;
				CLANG_WARN_NON_LITERAL_NULL_CONVERSION = YES;
				CLANG_WARN_OBJC_IMPLICIT_RETAIN_SELF = YES;
				CLANG_WARN_OBJC_LITERAL_CONVERSION = YES;
				CLANG_WARN_OBJC_ROOT_CLASS = YES_ERROR;
				CLANG_WARN_QUOTED_INCLUDE_IN_FRAMEWORK_HEADER = YES;
				CLANG_WARN_RANGE_LOOP_ANALYSIS = YES;
				CLANG_WARN_STRICT_PROTOTYPES = YES;
				CLANG_WARN_SUSPICIOUS_MOVE = YES;
				CLANG_WARN_UNGUARDED_AVAILABILITY = YES_AGGRESSIVE;
				CLANG_WARN_UNREACHABLE_CODE = YES;
				CLANG_WARN__DUPLICATE_METHOD_MATCH = YES;
				COPY_PHASE_STRIP = NO;
				DEBUG_INFORMATION_FORMAT = dwarf;
				ENABLE_STRICT_OBJC_MSGSEND = YES;
				ENABLE_TESTABILITY = YES;
				GCC_C_LANGUAGE_STANDARD = gnu11;
				GCC_DYNAMIC_NO_PIC = NO;
				GCC_NO_COMMON_BLOCKS = YES;
				GCC_OPTIMIZATION_LEVEL = 0;
				GCC_PREPROCESSOR_DEFINITIONS = (
					"DEBUG=1",
					"$(inherited)",
				);
				GCC_WARN_64_TO_32_BIT_CONVERSION = YES;
				GCC_WARN_ABOUT_RETURN_TYPE = YES_ERROR;
				GCC_WARN_UNDECLARED_SELECTOR = YES;
				GCC_WARN_UNINITIALIZED_AUTOS = YES_AGGRESSIVE;
				GCC_WARN_UNUSED_FUNCTION = YES;
				GCC_WARN_UNUSED_VARIABLE = YES;
				IPHONEOS_DEPLOYMENT_TARGET = 14.5;
				MTL_ENABLE_DEBUG_INFO = INCLUDE_SOURCE;
				MTL_FAST_MATH = YES;
				ONLY_ACTIVE_ARCH = YES;
				SDKROOT = iphoneos;
				SWIFT_ACTIVE_COMPILATION_CONDITIONS = DEBUG;
				SWIFT_OPTIMIZATION_LEVEL = "-Onone";
			};
			name = Debug;
		};
		97CEB652272E487500EEE16C /* Release */ = {
			isa = XCBuildConfiguration;
			buildSettings = {
				ALWAYS_SEARCH_USER_PATHS = NO;
				CLANG_ANALYZER_NONNULL = YES;
				CLANG_ANALYZER_NUMBER_OBJECT_CONVERSION = YES_AGGRESSIVE;
				CLANG_CXX_LANGUAGE_STANDARD = "gnu++14";
				CLANG_CXX_LIBRARY = "libc++";
				CLANG_ENABLE_MODULES = YES;
				CLANG_ENABLE_OBJC_ARC = YES;
				CLANG_ENABLE_OBJC_WEAK = YES;
				CLANG_WARN_BLOCK_CAPTURE_AUTORELEASING = YES;
				CLANG_WARN_BOOL_CONVERSION = YES;
				CLANG_WARN_COMMA = YES;
				CLANG_WARN_CONSTANT_CONVERSION = YES;
				CLANG_WARN_DEPRECATED_OBJC_IMPLEMENTATIONS = YES;
				CLANG_WARN_DIRECT_OBJC_ISA_USAGE = YES_ERROR;
				CLANG_WARN_DOCUMENTATION_COMMENTS = YES;
				CLANG_WARN_EMPTY_BODY = YES;
				CLANG_WARN_ENUM_CONVERSION = YES;
				CLANG_WARN_INFINITE_RECURSION = YES;
				CLANG_WARN_INT_CONVERSION = YES;
				CLANG_WARN_NON_LITERAL_NULL_CONVERSION = YES;
				CLANG_WARN_OBJC_IMPLICIT_RETAIN_SELF = YES;
				CLANG_WARN_OBJC_LITERAL_CONVERSION = YES;
				CLANG_WARN_OBJC_ROOT_CLASS = YES_ERROR;
				CLANG_WARN_QUOTED_INCLUDE_IN_FRAMEWORK_HEADER = YES;
				CLANG_WARN_RANGE_LOOP_ANALYSIS = YES;
				CLANG_WARN_STRICT_PROTOTYPES = YES;
				CLANG_WARN_SUSPICIOUS_MOVE = YES;
				CLANG_WARN_UNGUARDED_AVAILABILITY = YES_AGGRESSIVE;
				CLANG_WARN_UNREACHABLE_CODE = YES;
				CLANG_WARN__DUPLICATE_METHOD_MATCH = YES;
				COPY_PHASE_STRIP = NO;
				DEBUG_INFORMATION_FORMAT = "dwarf-with-dsym";
				ENABLE_NS_ASSERTIONS = NO;
				ENABLE_STRICT_OBJC_MSGSEND = YES;
				GCC_C_LANGUAGE_STANDARD = gnu11;
				GCC_NO_COMMON_BLOCKS = YES;
				GCC_WARN_64_TO_32_BIT_CONVERSION = YES;
				GCC_WARN_ABOUT_RETURN_TYPE = YES_ERROR;
				GCC_WARN_UNDECLARED_SELECTOR = YES;
				GCC_WARN_UNINITIALIZED_AUTOS = YES_AGGRESSIVE;
				GCC_WARN_UNUSED_FUNCTION = YES;
				GCC_WARN_UNUSED_VARIABLE = YES;
				IPHONEOS_DEPLOYMENT_TARGET = 14.5;
				MTL_ENABLE_DEBUG_INFO = NO;
				MTL_FAST_MATH = YES;
				SDKROOT = iphoneos;
				SWIFT_COMPILATION_MODE = wholemodule;
				SWIFT_OPTIMIZATION_LEVEL = "-O";
				VALIDATE_PRODUCT = YES;
			};
			name = Release;
		};
		97CEB654272E487500EEE16C /* Debug */ = {
			isa = XCBuildConfiguration;
			buildSettings = {
				ASSETCATALOG_COMPILER_APPICON_NAME = AppIcon;
				ASSETCATALOG_COMPILER_GLOBAL_ACCENT_COLOR_NAME = AccentColor;
				CODE_SIGN_STYLE = Automatic;
				DEVELOPMENT_TEAM = QQ3FP6362Y;
				INFOPLIST_FILE = "LiangAmelia-HW7/Info.plist";
				LD_RUNPATH_SEARCH_PATHS = (
					"$(inherited)",
					"@executable_path/Frameworks",
				);
				PRODUCT_BUNDLE_IDENTIFIER = "CS-329E.LiangAmelia-HW7";
				PRODUCT_NAME = "$(TARGET_NAME)";
				SWIFT_VERSION = 5.0;
				TARGETED_DEVICE_FAMILY = "1,2";
			};
			name = Debug;
		};
		97CEB655272E487500EEE16C /* Release */ = {
			isa = XCBuildConfiguration;
			buildSettings = {
				ASSETCATALOG_COMPILER_APPICON_NAME = AppIcon;
				ASSETCATALOG_COMPILER_GLOBAL_ACCENT_COLOR_NAME = AccentColor;
				CODE_SIGN_STYLE = Automatic;
				DEVELOPMENT_TEAM = QQ3FP6362Y;
				INFOPLIST_FILE = "LiangAmelia-HW7/Info.plist";
				LD_RUNPATH_SEARCH_PATHS = (
					"$(inherited)",
					"@executable_path/Frameworks",
				);
				PRODUCT_BUNDLE_IDENTIFIER = "CS-329E.LiangAmelia-HW7";
				PRODUCT_NAME = "$(TARGET_NAME)";
				SWIFT_VERSION = 5.0;
				TARGETED_DEVICE_FAMILY = "1,2";
			};
			name = Release;
		};
/* End XCBuildConfiguration section */

/* Begin XCConfigurationList section */
		97CEB637272E487300EEE16C /* Build configuration list for PBXProject "LiangAmelia-HW7" */ = {
			isa = XCConfigurationList;
			buildConfigurations = (
				97CEB651272E487500EEE16C /* Debug */,
				97CEB652272E487500EEE16C /* Release */,
			);
			defaultConfigurationIsVisible = 0;
			defaultConfigurationName = Release;
		};
		97CEB653272E487500EEE16C /* Build configuration list for PBXNativeTarget "LiangAmelia-HW7" */ = {
			isa = XCConfigurationList;
			buildConfigurations = (
				97CEB654272E487500EEE16C /* Debug */,
				97CEB655272E487500EEE16C /* Release */,
			);
			defaultConfigurationIsVisible = 0;
			defaultConfigurationName = Release;
		};
/* End XCConfigurationList section */

/* Begin XCVersionGroup section */
		97CEB648272E487300EEE16C /* LiangAmelia_HW7.xcdatamodeld */ = {
			isa = XCVersionGroup;
			children = (
				97CEB649272E487300EEE16C /* LiangAmelia_HW7.xcdatamodel */,
			);
			currentVersion = 97CEB649272E487300EEE16C /* LiangAmelia_HW7.xcdatamodel */;
			path = LiangAmelia_HW7.xcdatamodeld;
			sourceTree = "<group>";
			versionGroupType = wrapper.xcdatamodel;
		};
/* End XCVersionGroup section */
	};
	rootObject = 97CEB634272E487300EEE16C /* Project object */;
}
